github.com/ncruces/wasm2go v0.4.11 h1:3izUKG2z0dnC01Z7o9t4W0bVJcLJqT1b6nIYwIChQu0=
github.com/ncruces/wasm2go v0.4.11/go.mod h1:hOvF2MY5XO3KfEUD8TIu34m80NKtyOkqe6KJB+EHYzI=
golang.org/x/tools v0.50.0 h1:c2ifzfcuY7L90lZ2aKd8S4K2NpASF08SZx9ZuJkHmSU=
golang.org/x/tools v0.50.0/go.mod h1:7ulVMw3831Mwi5EZD6RomGyffr4VFjuNYXf2BbCEAV0=
